{
  "version": 4,
  "terraform_version": "1.5.7",
  "serial": 57,
  "lineage": "beb2c7fd-0b8a-fdc6-cf6a-2a6da995ff80",
  "outputs": {
    "cluster_certificate_authority_data": {
      "value": "LS0tLS1CRUdJTiBDRVJUSUZJQ0FURS0tLS0tCk1JSURCVENDQWUyZ0F3SUJBZ0lJRXI3cjRrVFFSZlV3RFFZSktvWklodmNOQVFFTEJRQXdGVEVUTUJFR0ExVUUKQXhNS2EzVmlaWEp1WlhSbGN6QWVGdzB5TlRFd01UUXhOalEwTURaYUZ3MHpOVEV3TVRJeE5qUTVNRFphTUJVeApFekFSQmdOVkJBTVRDbXQxWW1WeWJtVjBaWE13Z2dFaU1BMEdDU3FHU0liM0RRRUJBUVVBQTRJQkR3QXdnZ0VLCkFvSUJBUUNkU3QxRXRpRzk3NEs0Y1ArajFzWjVsd25xZCtIcEhCSlRPcllYUXJQd2szc2F2OW9RVDV4amcvMHAKMDEvUHVNYTF6Y285U3ZNWlFqdDBWRFVlRkJqZ29yYnZxWmh2SFltbnFWSStMZ1N2WUQwVUt3SEZGOTZXWW1nMgpncVZaOXJWQm9EZmRlZVFWSlE1WnF2YUNaNG9nOE9BVWIzdWt2c2p1RTVjZnRuQ1dpajY0d3dUa0p1bkxrTlljCjJNUXNiLzVTa3VBNEJNdGFsQ0lOOFA2YWF1OW5uSGxqRkpZZFRHQmxuZ0xCTzE1YXFTOUovMW10R2VrQW00L0EKcjlyZXZLdFFzRlp3VmZocWVMN2xEUEJUemJ1OG9pR0Z3YXpSRlpzK1l3cnhRZlljVVZTRkdxVkJsTVV0dHNKMQpCeGQwUUtLUXM3N2dBbHYwUGRad0s5Y0hLa2JWQWdNQkFBR2pXVEJYTUE0R0ExVWREd0VCL3dRRUF3SUNwREFQCkJnTlZIUk1CQWY4RUJUQURBUUgvTUIwR0ExVWREZ1FXQkJRM0wxRXFRdEdTeGdSNEVxNSt4MHRrWVdkOUtEQVYKQmdOVkhSRUVEakFNZ2dwcmRXSmxjbTVsZEdWek1BMEdDU3FHU0liM0RRRUJDd1VBQTRJQkFRQ0ZZUEx2bWhwUApzeXVFbmVIRXZOZmNVeVMxNWkyRzhTbFJjeHMwWUV5dmp4WnlxTWhZQlo5WXI1L2VmYkJlUTgxcGxKVnhKTkpqCnZFNGpzUm1FT09FdXVYR1V2RnFNZlRHdTBER2plem1ybXE0dzI5OVMxZGs3MXQrVEZXNGI2MkNGVVI2MVhsbGkKOEVmd1NNZitkYy90a29INTQrSyszMjJySjRWdVZTZkMyRWM1Z3I4Vzdya1hmSHRXbXJtcG5GTUN4bDI1Q25GbQpCc2w2NG5SZCtEcFNvVSs5di9lWkxSUkxpL01MaFR1cGdadDlFcVQ4eUVXNGxYMWlsMnRpSFoyNXZqOWRLVHluCmFpZlZYaVNpeHk1enUrT2VIOWpuOGlKZG53UHU2TTRjZXFka3J5Vm4vM1RnSVhiUXdNWXMyUi9MRVFFcHdjV2cKVkxiTnMvV1J3K1lkCi0tLS0tRU5EIENFUlRJRklDQVRFLS0tLS0K",
      "type": "string",
      "sensitive": true
    },
    "cluster_endpoint": {
      "value": "https://D3F9EF9DCAC97E907A154C1C4E1D1786.gr7.us-east-1.eks.amazonaws.com",
      "type": "string"
    },
    "cluster_name": {
      "value": "ps-cc-demo",
      "type": "string"
    },
    "node_group_role_arn": {
      "value": "arn:aws:iam::810870797619:role/ps-cc-demo-node-group-role",
      "type": "string"
    }
  },
  "resources": [
    {
      "mode": "data",
      "type": "aws_availability_zones",
      "name": "available",
      "provider": "provider[\"registry.terraform.io/hashicorp/aws\"]",
      "instances": [
        {
          "schema_version": 0,
          "attributes": {
            "all_availability_zones": null,
            "exclude_names": null,
            "exclude_zone_ids": null,
            "filter": null,
            "group_names": [
              "us-east-1-zg-1"
            ],
            "id": "us-east-1",
            "names": [
              "us-east-1a",
              "us-east-1b",
              "us-east-1c",
              "us-east-1d",
              "us-east-1e",
              "us-east-1f"
            ],
            "region": "us-east-1",
            "state": null,
            "timeouts": null,
            "zone_ids": [
              "use1-az1",
              "use1-az2",
              "use1-az4",
              "use1-az6",
              "use1-az3",
              "use1-az5"
            ]
          },
          "sensitive_attributes": []
        }
      ]
    },
    {
      "mode": "managed",
      "type": "aws_eks_cluster",
      "name": "eks_cluster",
      "provider": "provider[\"registry.terraform.io/hashicorp/aws\"]",
      "instances": [
        {
          "schema_version": 1,
          "attributes": {
            "access_config": [
              {
                "authentication_mode": "CONFIG_MAP",
                "bootstrap_cluster_creator_admin_permissions": true
              }
            ],
            "arn": "arn:aws:eks:us-east-1:810870797619:cluster/ps-cc-demo",
            "bootstrap_self_managed_addons": true,
            "certificate_authority": [
              {
                "data": "LS0tLS1CRUdJTiBDRVJUSUZJQ0FURS0tLS0tCk1JSURCVENDQWUyZ0F3SUJBZ0lJRXI3cjRrVFFSZlV3RFFZSktvWklodmNOQVFFTEJRQXdGVEVUTUJFR0ExVUUKQXhNS2EzVmlaWEp1WlhSbGN6QWVGdzB5TlRFd01UUXhOalEwTURaYUZ3MHpOVEV3TVRJeE5qUTVNRFphTUJVeApFekFSQmdOVkJBTVRDbXQxWW1WeWJtVjBaWE13Z2dFaU1BMEdDU3FHU0liM0RRRUJBUVVBQTRJQkR3QXdnZ0VLCkFvSUJBUUNkU3QxRXRpRzk3NEs0Y1ArajFzWjVsd25xZCtIcEhCSlRPcllYUXJQd2szc2F2OW9RVDV4amcvMHAKMDEvUHVNYTF6Y285U3ZNWlFqdDBWRFVlRkJqZ29yYnZxWmh2SFltbnFWSStMZ1N2WUQwVUt3SEZGOTZXWW1nMgpncVZaOXJWQm9EZmRlZVFWSlE1WnF2YUNaNG9nOE9BVWIzdWt2c2p1RTVjZnRuQ1dpajY0d3dUa0p1bkxrTlljCjJNUXNiLzVTa3VBNEJNdGFsQ0lOOFA2YWF1OW5uSGxqRkpZZFRHQmxuZ0xCTzE1YXFTOUovMW10R2VrQW00L0EKcjlyZXZLdFFzRlp3VmZocWVMN2xEUEJUemJ1OG9pR0Z3YXpSRlpzK1l3cnhRZlljVVZTRkdxVkJsTVV0dHNKMQpCeGQwUUtLUXM3N2dBbHYwUGRad0s5Y0hLa2JWQWdNQkFBR2pXVEJYTUE0R0ExVWREd0VCL3dRRUF3SUNwREFQCkJnTlZIUk1CQWY4RUJUQURBUUgvTUIwR0ExVWREZ1FXQkJRM0wxRXFRdEdTeGdSNEVxNSt4MHRrWVdkOUtEQVYKQmdOVkhSRUVEakFNZ2dwcmRXSmxjbTVsZEdWek1BMEdDU3FHU0liM0RRRUJDd1VBQTRJQkFRQ0ZZUEx2bWhwUApzeXVFbmVIRXZOZmNVeVMxNWkyRzhTbFJjeHMwWUV5dmp4WnlxTWhZQlo5WXI1L2VmYkJlUTgxcGxKVnhKTkpqCnZFNGpzUm1FT09FdXVYR1V2RnFNZlRHdTBER2plem1ybXE0dzI5OVMxZGs3MXQrVEZXNGI2MkNGVVI2MVhsbGkKOEVmd1NNZitkYy90a29INTQrSyszMjJySjRWdVZTZkMyRWM1Z3I4Vzdya1hmSHRXbXJtcG5GTUN4bDI1Q25GbQpCc2w2NG5SZCtEcFNvVSs5di9lWkxSUkxpL01MaFR1cGdadDlFcVQ4eUVXNGxYMWlsMnRpSFoyNXZqOWRLVHluCmFpZlZYaVNpeHk1enUrT2VIOWpuOGlKZG53UHU2TTRjZXFka3J5Vm4vM1RnSVhiUXdNWXMyUi9MRVFFcHdjV2cKVkxiTnMvV1J3K1lkCi0tLS0tRU5EIENFUlRJRklDQVRFLS0tLS0K"
              }
            ],
            "cluster_id": null,
            "compute_config": [
              {
                "enabled": false,
                "node_pools": [],
                "node_role_arn": ""
              }
            ],
            "created_at": "2025-10-14T16:43:03Z",
            "deletion_protection": false,
            "enabled_cluster_log_types": null,
            "encryption_config": [],
            "endpoint": "https://D3F9EF9DCAC97E907A154C1C4E1D1786.gr7.us-east-1.eks.amazonaws.com",
            "force_update_version": null,
            "id": "ps-cc-demo",
            "identity": [
              {
                "oidc": [
                  {
                    "issuer": "https://oidc.eks.us-east-1.amazonaws.com/id/D3F9EF9DCAC97E907A154C1C4E1D1786"
                  }
                ]
              }
            ],
            "kubernetes_network_config": [
              {
                "elastic_load_balancing": [
                  {
                    "enabled": false
                  }
                ],
                "ip_family": "ipv4",
                "service_ipv4_cidr": "10.100.0.0/16",
                "service_ipv6_cidr": ""
              }
            ],
            "name": "ps-cc-demo",
            "outpost_config": [],
            "platform_version": "eks.18",
            "region": "us-east-1",
            "remote_network_config": [],
            "role_arn": "arn:aws:iam::810870797619:role/ps-cc-demo-cluster-role",
            "status": "ACTIVE",
            "storage_config": [
              {
                "block_storage": [
                  {
                    "enabled": false
                  }
                ]
              }
            ],
            "tags": null,
            "tags_all": {},
            "timeouts": null,
            "upgrade_policy": [
              {
                "support_type": "EXTENDED"
              }
            ],
            "version": "1.33",
            "vpc_config": [
              {
                "cluster_security_group_id": "sg-08156389dd64affde",
                "endpoint_private_access": false,
                "endpoint_public_access": true,
                "public_access_cidrs": [
                  "0.0.0.0/0"
                ],
                "security_group_ids": null,
                "subnet_ids": [
                  "subnet-04a9e614078dc722b",
                  "subnet-0ad676f95e253dd5e"
                ],
                "vpc_id": "vpc-0af9bbfa2a7ce9e19"
              }
            ],
            "zonal_shift_config": []
          },
          "sensitive_attributes": [],
          "private": "eyJlMmJmYjczMC1lY2FhLTExZTYtOGY4OC0zNDM2M2JjN2M0YzAiOnsiY3JlYXRlIjoxODAwMDAwMDAwMDAwLCJkZWxldGUiOjkwMDAwMDAwMDAwMCwidXBkYXRlIjozNjAwMDAwMDAwMDAwfSwic2NoZW1hX3ZlcnNpb24iOiIxIn0=",
          "dependencies": [
            "aws_iam_role.eks_cluster_role",
            "aws_iam_role_policy_attachment.eks_cluster_policy"
          ]
        }
      ]
    },
    {
      "mode": "managed",
      "type": "aws_eks_node_group",
      "name": "managed_node_group",
      "provider": "provider[\"registry.terraform.io/hashicorp/aws\"]",
      "instances": [
        {
          "status": "tainted",
          "schema_version": 0,
          "attributes": {
            "ami_type": null,
            "arn": null,
            "capacity_type": null,
            "cluster_name": "ps-cc-demo",
            "disk_size": null,
            "force_update_version": null,
            "id": "ps-cc-demo:ps-cc-demo-managed-nodes",
            "instance_types": [
              "t3.medium"
            ],
            "labels": null,
            "launch_template": [],
            "node_group_name": "ps-cc-demo-managed-nodes",
            "node_group_name_prefix": null,
            "node_repair_config": null,
            "node_role_arn": "arn:aws:iam::810870797619:role/ps-cc-demo-node-group-role",
            "region": "us-east-1",
            "release_version": null,
            "remote_access": [],
            "resources": null,
            "scaling_config": [
              {
                "desired_size": 3,
                "max_size": 6,
                "min_size": 1
              }
            ],
            "status": null,
            "subnet_ids": [
              "subnet-04a9e614078dc722b",
              "subnet-0ad676f95e253dd5e"
            ],
            "tags": null,
            "tags_all": null,
            "taint": [],
            "timeouts": null,
            "update_config": [
              {
                "max_unavailable": 1,
                "max_unavailable_percentage": 0
              }
            ],
            "version": null
          },
          "sensitive_attributes": [],
          "private": "eyJlMmJmYjczMC1lY2FhLTExZTYtOGY4OC0zNDM2M2JjN2M0YzAiOnsiY3JlYXRlIjozNjAwMDAwMDAwMDAwLCJkZWxldGUiOjM2MDAwMDAwMDAwMDAsInVwZGF0ZSI6MzYwMDAwMDAwMDAwMH19",
          "dependencies": [
            "aws_eks_cluster.eks_cluster",
            "aws_iam_role.eks_cluster_role",
            "aws_iam_role.eks_node_group_role",
            "aws_iam_role_policy_attachment.ec2_container_registry_read_only",
            "aws_iam_role_policy_attachment.eks_cluster_policy",
            "aws_iam_role_policy_attachment.eks_cni_policy",
            "aws_iam_role_policy_attachment.eks_worker_node_policy"
          ]
        }
      ]
    },
    {
      "mode": "managed",
      "type": "aws_iam_role",
      "name": "eks_cluster_role",
      "provider": "provider[\"registry.terraform.io/hashicorp/aws\"]",
      "instances": [
        {
          "schema_version": 0,
          "attributes": {
            "arn": "arn:aws:iam::810870797619:role/ps-cc-demo-cluster-role",
            "assume_role_policy": "{\"Statement\":[{\"Action\":\"sts:AssumeRole\",\"Effect\":\"Allow\",\"Principal\":{\"Service\":\"eks.amazonaws.com\"}}],\"Version\":\"2012-10-17\"}",
            "create_date": "2025-10-14T16:43:00Z",
            "description": "",
            "force_detach_policies": false,
            "id": "ps-cc-demo-cluster-role",
            "inline_policy": [],
            "managed_policy_arns": [],
            "max_session_duration": 3600,
            "name": "ps-cc-demo-cluster-role",
            "name_prefix": "",
            "path": "/",
            "permissions_boundary": "",
            "tags": null,
            "tags_all": {},
            "unique_id": "AROA3ZS5KOUZRIN7W5GPK"
          },
          "sensitive_attributes": [],
          "private": "bnVsbA=="
        }
      ]
    },
    {
      "mode": "managed",
      "type": "aws_iam_role",
      "name": "eks_node_group_role",
      "provider": "provider[\"registry.terraform.io/hashicorp/aws\"]",
      "instances": [
        {
          "schema_version": 0,
          "attributes": {
            "arn": "arn:aws:iam::810870797619:role/ps-cc-demo-node-group-role",
            "assume_role_policy": "{\"Statement\":[{\"Action\":\"sts:AssumeRole\",\"Effect\":\"Allow\",\"Principal\":{\"Service\":\"ec2.amazonaws.com\"}}],\"Version\":\"2012-10-17\"}",
            "create_date": "2025-10-14T16:43:00Z",
            "description": "",
            "force_detach_policies": false,
            "id": "ps-cc-demo-node-group-role",
            "inline_policy": [],
            "managed_policy_arns": [],
            "max_session_duration": 3600,
            "name": "ps-cc-demo-node-group-role",
            "name_prefix": "",
            "path": "/",
            "permissions_boundary": "",
            "tags": null,
            "tags_all": {},
            "unique_id": "AROA3ZS5KOUZ7PAWFFLZL"
          },
          "sensitive_attributes": [],
          "private": "bnVsbA=="
        }
      ]
    },
    {
      "mode": "managed",
      "type": "aws_iam_role_policy_attachment",
      "name": "ec2_container_registry_read_only",
      "provider": "provider[\"registry.terraform.io/hashicorp/aws\"]",
      "instances": [
        {
          "schema_version": 0,
          "attributes": {
            "id": "ps-cc-demo-node-group-role/arn:aws:iam::aws:policy/AmazonEC2ContainerRegistryReadOnly",
            "policy_arn": "arn:aws:iam::aws:policy/AmazonEC2ContainerRegistryReadOnly",
            "role": "ps-cc-demo-node-group-role"
          },
          "sensitive_attributes": [],
          "private": "bnVsbA==",
          "dependencies": [
            "aws_iam_role.eks_node_group_role"
          ]
        }
      ]
    },
    {
      "mode": "managed",
      "type": "aws_iam_role_policy_attachment",
      "name": "eks_cluster_policy",
      "provider": "provider[\"registry.terraform.io/hashicorp/aws\"]",
      "instances": [
        {
          "schema_version": 0,
          "attributes": {
            "id": "ps-cc-demo-cluster-role/arn:aws:iam::aws:policy/AmazonEKSClusterPolicy",
            "policy_arn": "arn:aws:iam::aws:policy/AmazonEKSClusterPolicy",
            "role": "ps-cc-demo-cluster-role"
          },
          "sensitive_attributes": [],
          "private": "bnVsbA==",
          "dependencies": [
            "aws_iam_role.eks_cluster_role"
          ]
        }
      ]
    },
    {
      "mode": "managed",
      "type": "aws_iam_role_policy_attachment",
      "name": "eks_cni_policy",
      "provider": "provider[\"registry.terraform.io/hashicorp/aws\"]",
      "instances": [
        {
          "schema_version": 0,
          "attributes": {
            "id": "ps-cc-demo-node-group-role/arn:aws:iam::aws:policy/AmazonEKS_CNI_Policy",
            "policy_arn": "arn:aws:iam::aws:policy/AmazonEKS_CNI_Policy",
            "role": "ps-cc-demo-node-group-role"
          },
          "sensitive_attributes": [],
          "private": "bnVsbA==",
          "dependencies": [
            "aws_iam_role.eks_node_group_role"
          ]
        }
      ]
    },
    {
      "mode": "managed",
      "type": "aws_iam_role_policy_attachment",
      "name": "eks_worker_node_policy",
      "provider": "provider[\"registry.terraform.io/hashicorp/aws\"]",
      "instances": [
        {
          "schema_version": 0,
          "attributes": {
            "id": "ps-cc-demo-node-group-role/arn:aws:iam::aws:policy/AmazonEKSWorkerNodePolicy",
            "policy_arn": "arn:aws:iam::aws:policy/AmazonEKSWorkerNodePolicy",
            "role": "ps-cc-demo-node-group-role"
          },
          "sensitive_attributes": [],
          "private": "bnVsbA==",
          "dependencies": [
            "aws_iam_role.eks_node_group_role"
          ]
        }
      ]
    }
  ],
  "check_results": null
}
